
Microsoft Visual Studio Solution File, Format Version 12.00
# Visual Studio Version 17
VisualStudioVersion = 17.0.31903.59
MinimumVisualStudioVersion = 10.0.40219.1
Project("{FAE04EC0-301F-11D3-BF4B-00C04F79EFBC}") = "GoBoard", "GoBoard\GoBoard.csproj", "{9212AD99-7009-4431-ACB3-A2D53C3CDC84}"
EndProject
Project("{FAE04EC0-301F-11D3-BF4B-00C04F79EFBC}") = "GoEngine", "GoEngine\GoEngine.csproj", "{A60DD475-A882-4121-B1F6-091798763DA1}"
EndProject
Project("{FAE04EC0-301F-11D3-BF4B-00C04F79EFBC}") = "GoCLI", "GoCLI\GoCLI.csproj", "{BC9A7F32-0E9B-4D05-A8F1-A2C6817CF076}"
EndProject
Global
	GlobalSection(SolutionConfigurationPlatforms) = preSolution
		Debug|Any CPU = Debug|Any CPU
		Debug|x64 = Debug|x64
		Debug|x86 = Debug|x86
		Release|Any CPU = Release|Any CPU
		Release|x64 = Release|x64
		Release|x86 = Release|x86
	EndGlobalSection
	GlobalSection(ProjectConfigurationPlatforms) = postSolution
		{9212AD99-7009-4431-ACB3-A2D53C3CDC84}.Debug|Any CPU.ActiveCfg = Debug|Any CPU
		{9212AD99-7009-4431-ACB3-A2D53C3CDC84}.Debug|Any CPU.Build.0 = Debug|Any CPU
		{9212AD99-7009-4431-ACB3-A2D53C3CDC84}.Debug|x64.ActiveCfg = Debug|Any CPU
		{9212AD99-7009-4431-ACB3-A2D53C3CDC84}.Debug|x64.Build.0 = Debug|Any CPU
		{9212AD99-7009-4431-ACB3-A2D53C3CDC84}.Debug|x86.ActiveCfg = Debug|Any CPU
		{9212AD99-7009-4431-ACB3-A2D53C3CDC84}.Debug|x86.Build.0 = Debug|Any CPU
		{9212AD99-7009-4431-ACB3-A2D53C3CDC84}.Release|Any CPU.ActiveCfg = Release|Any CPU
		{9212AD99-7009-4431-ACB3-A2D53C3CDC84}.Release|Any CPU.Build.0 = Release|Any CPU
		{9212AD99-7009-4431-ACB3-A2D53C3CDC84}.Release|x64.ActiveCfg = Release|Any CPU
		{9212AD99-7009-4431-ACB3-A2D53C3CDC84}.Release|x64.Build.0 = Release|Any CPU
		{9212AD99-7009-4431-ACB3-A2D53C3CDC84}.Release|x86.ActiveCfg = Release|Any CPU
		{9212AD99-7009-4431-ACB3-A2D53C3CDC84}.Release|x86.Build.0 = Release|Any CPU
		{A60DD475-A882-4121-B1F6-091798763DA1}.Debug|Any CPU.ActiveCfg = Debug|Any CPU
		{A60DD475-A882-4121-B1F6-091798763DA1}.Debug|Any CPU.Build.0 = Debug|Any CPU
		{A60DD475-A882-4121-B1F6-091798763DA1}.Debug|x64.ActiveCfg = Debug|Any CPU
		{A60DD475-A882-4121-B1F6-091798763DA1}.Debug|x64.Build.0 = Debug|Any CPU
		{A60DD475-A882-4121-B1F6-091798763DA1}.Debug|x86.ActiveCfg = Debug|Any CPU
		{A60DD475-A882-4121-B1F6-091798763DA1}.Debug|x86.Build.0 = Debug|Any CPU
		{A60DD475-A882-4121-B1F6-091798763DA1}.Release|Any CPU.ActiveCfg = Release|Any CPU
		{A60DD475-A882-4121-B1F6-091798763DA1}.Release|Any CPU.Build.0 = Release|Any CPU
		{A60DD475-A882-4121-B1F6-091798763DA1}.Release|x64.ActiveCfg = Release|Any CPU
		{A60DD475-A882-4121-B1F6-091798763DA1}.Release|x64.Build.0 = Release|Any CPU
		{A60DD475-A882-4121-B1F6-091798763DA1}.Release|x86.ActiveCfg = Release|Any CPU
		{A60DD475-A882-4121-B1F6-091798763DA1}.Release|x86.Build.0 = Release|Any CPU
		{BC9A7F32-0E9B-4D05-A8F1-A2C6817CF076}.Debug|Any CPU.ActiveCfg = Debug|Any CPU
		{BC9A7F32-0E9B-4D05-A8F1-A2C6817CF076}.Debug|Any CPU.Build.0 = Debug|Any CPU
		{BC9A7F32-0E9B-4D05-A8F1-A2C6817CF076}.Debug|x64.ActiveCfg = Debug|Any CPU
		{BC9A7F32-0E9B-4D05-A8F1-A2C6817CF076}.Debug|x64.Build.0 = Debug|Any CPU
		{BC9A7F32-0E9B-4D05-A8F1-A2C6817CF076}.Debug|x86.ActiveCfg = Debug|Any CPU
		{BC9A7F32-0E9B-4D05-A8F1-A2C6817CF076}.Debug|x86.Build.0 = Debug|Any CPU
		{BC9A7F32-0E9B-4D05-A8F1-A2C6817CF076}.Release|Any CPU.ActiveCfg = Release|Any CPU
		{BC9A7F32-0E9B-4D05-A8F1-A2C6817CF076}.Release|Any CPU.Build.0 = Release|Any CPU
		{BC9A7F32-0E9B-4D05-A8F1-A2C6817CF076}.Release|x64.ActiveCfg = Release|Any CPU
		{BC9A7F32-0E9B-4D05-A8F1-A2C6817CF076}.Release|x64.Build.0 = Release|Any CPU
		{BC9A7F32-0E9B-4D05-A8F1-A2C6817CF076}.Release|x86.ActiveCfg = Release|Any CPU
		{BC9A7F32-0E9B-4D05-A8F1-A2C6817CF076}.Release|x86.Build.0 = Release|Any CPU
	EndGlobalSection
	GlobalSection(SolutionProperties) = preSolution
		HideSolutionNode = FALSE
	EndGlobalSection
EndGlobal
